// !$*UTF8*$!
{
	archiveVersion = 1;
	classes = {
	};
	objectVersion = 48;
	objects = {

/* Begin PBXBuildFile section */
		011B8E091FC3A13C007B34FA /* ViewController-Extension.swift in Sources */ = {isa = PBXBuildFile; fileRef = 011B8E081FC3A13C007B34FA /* ViewController-Extension.swift */; };
		011F3D5F1FC24FC500E5D5A4 /* AppDelegate.swift in Sources */ = {isa = PBXBuildFile; fileRef = 011F3D5E1FC24FC500E5D5A4 /* AppDelegate.swift */; };
		011F3D611FC24FC500E5D5A4 /* ViewController.swift in Sources */ = {isa = PBXBuildFile; fileRef = 011F3D601FC24FC500E5D5A4 /* ViewController.swift */; };
		011F3D641FC24FC500E5D5A4 /* Main.storyboard in Resources */ = {isa = PBXBuildFile; fileRef = 011F3D621FC24FC500E5D5A4 /* Main.storyboard */; };
		011F3D671FC24FC500E5D5A4 /* SwiftyCoreData_Demo.xcdatamodeld in Sources */ = {isa = PBXBuildFile; fileRef = 011F3D651FC24FC500E5D5A4 /* SwiftyCoreData_Demo.xcdatamodeld */; };
		011F3D691FC24FC500E5D5A4 /* Assets.xcassets in Resources */ = {isa = PBXBuildFile; fileRef = 011F3D681FC24FC500E5D5A4 /* Assets.xcassets */; };
		011F3D6C1FC24FC500E5D5A4 /* LaunchScreen.storyboard in Resources */ = {isa = PBXBuildFile; fileRef = 011F3D6A1FC24FC500E5D5A4 /* LaunchScreen.storyboard */; };
		54A8D7F403A65707735B4F42 /* Pods_SwiftyCoreData_Demo.framework in Frameworks */ = {isa = PBXBuildFile; fileRef = 01731C683E74957D91BA6DAA /* Pods_SwiftyCoreData_Demo.framework */; };
/* End PBXBuildFile section */

/* Begin PBXFileReference section */
		011B8E081FC3A13C007B34FA /* ViewController-Extension.swift */ = {isa = PBXFileReference; lastKnownFileType = sourcecode.swift; path = "ViewController-Extension.swift"; sourceTree = "<group>"; };
		011F3D5B1FC24FC500E5D5A4 /* SwiftyCoreData_Demo.app */ = {isa = PBXFileReference; explicitFileType = wrapper.application; includeInIndex = 0; path = SwiftyCoreData_Demo.app; sourceTree = BUILT_PRODUCTS_DIR; };
		011F3D5E1FC24FC500E5D5A4 /* AppDelegate.swift */ = {isa = PBXFileReference; lastKnownFileType = sourcecode.swift; path = AppDelegate.swift; sourceTree = "<group>"; };
		011F3D601FC24FC500E5D5A4 /* ViewController.swift */ = {isa = PBXFileReference; lastKnownFileType = sourcecode.swift; path = ViewController.swift; sourceTree = "<group>"; };
		011F3D631FC24FC500E5D5A4 /* Base */ = {isa = PBXFileReference; lastKnownFileType = file.storyboard; name = Base; path = Base.lproj/Main.storyboard; sourceTree = "<group>"; };
		011F3D661FC24FC500E5D5A4 /* SwiftyCoreData_Demo.xcdatamodel */ = {isa = PBXFileReference; lastKnownFileType = wrapper.xcdatamodel; path = SwiftyCoreData_Demo.xcdatamodel; sourceTree = "<group>"; };
		011F3D681FC24FC500E5D5A4 /* Assets.xcassets */ = {isa = PBXFileReference; lastKnownFileType = folder.assetcatalog; path = Assets.xcassets; sourceTree = "<group>"; };
		011F3D6B1FC24FC500E5D5A4 /* Base */ = {isa = PBXFileReference; lastKnownFileType = file.storyboard; name = Base; path = Base.lproj/LaunchScreen.storyboard; sourceTree = "<group>"; };
		011F3D6D1FC24FC500E5D5A4 /* Info.plist */ = {isa = PBXFileReference; lastKnownFileType = text.plist.xml; path = Info.plist; sourceTree = "<group>"; };
		01731C683E74957D91BA6DAA /* Pods_SwiftyCoreData_Demo.framework */ = {isa = PBXFileReference; explicitFileType = wrapper.framework; includeInIndex = 0; path = Pods_SwiftyCoreData_Demo.framework; sourceTree = BUILT_PRODUCTS_DIR; };
		03ECF11AD6034F3C84BA6D7C /* Pods-SwiftyCoreData_Demo.debug.xcconfig */ = {isa = PBXFileReference; includeInIndex = 1; lastKnownFileType = text.xcconfig; name = "Pods-SwiftyCoreData_Demo.debug.xcconfig"; path = "Pods/Target Support Files/Pods-SwiftyCoreData_Demo/Pods-SwiftyCoreData_Demo.debug.xcconfig"; sourceTree = "<group>"; };
		E32823FDF75760571FABDCC0 /* Pods-SwiftyCoreData_Demo.release.xcconfig */ = {isa = PBXFileReference; includeInIndex = 1; lastKnownFileType = text.xcconfig; name = "Pods-SwiftyCoreData_Demo.release.xcconfig"; path = "Pods/Target Support Files/Pods-SwiftyCoreData_Demo/Pods-SwiftyCoreData_Demo.release.xcconfig"; sourceTree = "<group>"; };
/* End PBXFileReference section */

/* Begin PBXFrameworksBuildPhase section */
		011F3D581FC24FC500E5D5A4 /* Frameworks */ = {
			isa = PBXFrameworksBuildPhase;
			buildActionMask = 2147483647;
			files = (
				54A8D7F403A65707735B4F42 /* Pods_SwiftyCoreData_Demo.framework in Frameworks */,
			);
			runOnlyForDeploymentPostprocessing = 0;
		};
/* End PBXFrameworksBuildPhase section */

/* Begin PBXGroup section */
		011F3D521FC24FC500E5D5A4 = {
			isa = PBXGroup;
			children = (
				011F3D5D1FC24FC500E5D5A4 /* SwiftyCoreData_Demo */,
				011F3D5C1FC24FC500E5D5A4 /* Products */,
				69A59D8EACC09C4DC49913B1 /* Pods */,
				78D067F7A373DC45768DE7D5 /* Frameworks */,
			);
			sourceTree = "<group>";
		};
		011F3D5C1FC24FC500E5D5A4 /* Products */ = {
			isa = PBXGroup;
			children = (
				011F3D5B1FC24FC500E5D5A4 /* SwiftyCoreData_Demo.app */,
			);
			name = Products;
			sourceTree = "<group>";
		};
		011F3D5D1FC24FC500E5D5A4 /* SwiftyCoreData_Demo */ = {
			isa = PBXGroup;
			children = (
				011F3D5E1FC24FC500E5D5A4 /* AppDelegate.swift */,
				011F3D601FC24FC500E5D5A4 /* ViewController.swift */,
				011B8E081FC3A13C007B34FA /* ViewController-Extension.swift */,
				011F3D621FC24FC500E5D5A4 /* Main.storyboard */,
				011F3D681FC24FC500E5D5A4 /* Assets.xcassets */,
				011F3D6A1FC24FC500E5D5A4 /* LaunchScreen.storyboard */,
				011F3D6D1FC24FC500E5D5A4 /* Info.plist */,
				011F3D651FC24FC500E5D5A4 /* SwiftyCoreData_Demo.xcdatamodeld */,
			);
			path = SwiftyCoreData_Demo;
			sourceTree = "<group>";
		};
		69A59D8EACC09C4DC49913B1 /* Pods */ = {
			isa = PBXGroup;
			children = (
				03ECF11AD6034F3C84BA6D7C /* Pods-SwiftyCoreData_Demo.debug.xcconfig */,
				E32823FDF75760571FABDCC0 /* Pods-SwiftyCoreData_Demo.release.xcconfig */,
			);
			name = Pods;
			sourceTree = "<group>";
		};
		78D067F7A373DC45768DE7D5 /* Frameworks */ = {
			isa = PBXGroup;
			children = (
				01731C683E74957D91BA6DAA /* Pods_SwiftyCoreData_Demo.framework */,
			);
			name = Frameworks;
			sourceTree = "<group>";
		};
/* End PBXGroup section */

/* Begin PBXNativeTarget section */
		011F3D5A1FC24FC500E5D5A4 /* SwiftyCoreData_Demo */ = {
			isa = PBXNativeTarget;
			buildConfigurationList = 011F3D701FC24FC500E5D5A4 /* Build configuration list for PBXNativeTarget "SwiftyCoreData_Demo" */;
			buildPhases = (
				03F633862CB3429CF9D92024 /* [CP] Check Pods Manifest.lock */,
				011F3D571FC24FC500E5D5A4 /* Sources */,
				011F3D581FC24FC500E5D5A4 /* Frameworks */,
				011F3D591FC24FC500E5D5A4 /* Resources */,
				5B4255A4B621A5D248D45E47 /* [CP] Embed Pods Frameworks */,
				DFB3910F9ACE596AFF527766 /* [CP] Copy Pods Resources */,
			);
			buildRules = (
			);
			dependencies = (
			);
			name = SwiftyCoreData_Demo;
			productName = SwiftyCoreData_Demo;
			productReference = 011F3D5B1FC24FC500E5D5A4 /* SwiftyCoreData_Demo.app */;
			productType = "com.apple.product-type.application";
		};
/* End PBXNativeTarget section */

/* Begin PBXProject section */
		011F3D531FC24FC500E5D5A4 /* Project object */ = {
			isa = PBXProject;
			attributes = {
				LastSwiftUpdateCheck = 0910;
				LastUpgradeCheck = 0910;
				ORGANIZATIONNAME = ByCyril;
				TargetAttributes = {
					011F3D5A1FC24FC500E5D5A4 = {
						CreatedOnToolsVersion = 9.1;
						ProvisioningStyle = Automatic;
					};
				};
			};
			buildConfigurationList = 011F3D561FC24FC500E5D5A4 /* Build configuration list for PBXProject "SwiftyCoreData_Demo" */;
			compatibilityVersion = "Xcode 8.0";
			developmentRegion = en;
			hasScannedForEncodings = 0;
			knownRegions = (
				en,
				Base,
			);
			mainGroup = 011F3D521FC24FC500E5D5A4;
			productRefGroup = 011F3D5C1FC24FC500E5D5A4 /* Products */;
			projectDirPath = "";
			projectRoot = "";
			targets = (
				011F3D5A1FC24FC500E5D5A4 /* SwiftyCoreData_Demo */,
			);
		};
/* End PBXProject section */

/* Begin PBXResourcesBuildPhase section */
		011F3D591FC24FC500E5D5A4 /* Resources */ = {
			isa = PBXResourcesBuildPhase;
			buildActionMask = 2147483647;
			files = (
				011F3D6C1FC24FC500E5D5A4 /* LaunchScreen.storyboard in Resources */,
				011F3D691FC24FC500E5D5A4 /* Assets.xcassets in Resources */,
				011F3D641FC24FC500E5D5A4 /* Main.storyboard in Resources */,
			);
			runOnlyForDeploymentPostprocessing = 0;
		};
/* End PBXResourcesBuildPhase section */

/* Begin PBXShellScriptBuildPhase section */
		03F633862CB3429CF9D92024 /* [CP] Check Pods Manifest.lock */ = {
			isa = PBXShellScriptBuildPhase;
			buildActionMask = 2147483647;
			files = (
			);
			inputPaths = (
			);
			name = "[CP] Check Pods Manifest.lock";
			outputPaths = (
			);
			runOnlyForDeploymentPostprocessing = 0;
			shellPath = /bin/sh;
			shellScript = "diff \"${PODS_PODFILE_DIR_PATH}/Podfile.lock\" \"${PODS_ROOT}/Manifest.lock\" > /dev/null\nif [ $? != 0 ] ; then\n    # print error to STDERR\n    echo \"error: The sandbox is not in sync with the Podfile.lock. Run 'pod install' or update your CocoaPods installation.\" >&2\n    exit 1\nfi\n";
			showEnvVarsInLog = 0;
		};
		5B4255A4B621A5D248D45E47 /* [CP] Embed Pods Frameworks */ = {
			isa = PBXShellScriptBuildPhase;
			buildActionMask = 2147483647;
			files = (
			);
			inputPaths = (
			);
			name = "[CP] Embed Pods Frameworks";
			outputPaths = (
			);
			runOnlyForDeploymentPostprocessing = 0;
			shellPath = /bin/sh;
			shellScript = "\"${SRCROOT}/Pods/Target Support Files/Pods-SwiftyCoreData_Demo/Pods-SwiftyCoreData_Demo-frameworks.sh\"\n";
			showEnvVarsInLog = 0;
		};
		DFB3910F9ACE596AFF527766 /* [CP] Copy Pods Resources */ = {
			isa = PBXShellScriptBuildPhase;
			buildActionMask = 2147483647;
			files = (
			);
			inputPaths = (
			);
			name = "[CP] Copy Pods Resources";
			outputPaths = (
			);
			runOnlyForDeploymentPostprocessing = 0;
			shellPath = /bin/sh;
			shellScript = "\"${SRCROOT}/Pods/Target Support Files/Pods-SwiftyCoreData_Demo/Pods-SwiftyCoreData_Demo-resources.sh\"\n";
			showEnvVarsInLog = 0;
		};
/* End PBXShellScriptBuildPhase section */

/* Begin PBXSourcesBuildPhase section */
		011F3D571FC24FC500E5D5A4 /* Sources */ = {
			isa = PBXSourcesBuildPhase;
			buildActionMask = 2147483647;
			files = (
				011F3D671FC24FC500E5D5A4 /* SwiftyCoreData_Demo.xcdatamodeld in Sources */,
				011F3D611FC24FC500E5D5A4 /* ViewController.swift in Sources */,
				011B8E091FC3A13C007B34FA /* ViewController-Extension.swift in Sources */,
				011F3D5F1FC24FC500E5D5A4 /* AppDelegate.swift in Sources */,
			);
			runOnlyForDeploymentPostprocessing = 0;
		};
/* End PBXSourcesBuildPhase section */

/* Begin PBXVariantGroup section */
		011F3D621FC24FC500E5D5A4 /* Main.storyboard */ = {
			isa = PBXVariantGroup;
			children = (
				011F3D631FC24FC500E5D5A4 /* Base */,
			);
			name = Main.storyboard;
			sourceTree = "<group>";
		};
		011F3D6A1FC24FC500E5D5A4 /* LaunchScreen.storyboard */ = {
			isa = PBXVariantGroup;
			children = (
				011F3D6B1FC24FC500E5D5A4 /* Base */,
			);
			name = LaunchScreen.storyboard;
			sourceTree = "<group>";
		};
/* End PBXVariantGroup section */

/* Begin XCBuildConfiguration section */
		011F3D6E1FC24FC500E5D5A4 /* Debug */ = {
			isa = XCBuildConfiguration;
			buildSettings = {
				ALWAYS_SEARCH_USER_PATHS = NO;
				CLANG_ANALYZER_NONNULL = YES;
				CLANG_ANALYZER_NUMBER_OBJECT_CONVERSION = YES_AGGRESSIVE;
				CLANG_CXX_LANGUAGE_STANDARD = "gnu++14";
				CLANG_CXX_LIBRARY = "libc++";
				CLANG_ENABLE_MODULES = YES;
				CLANG_ENABLE_OBJC_ARC = YES;
				CLANG_WARN_BLOCK_CAPTURE_AUTORELEASING = YES;
				CLANG_WARN_BOOL_CONVERSION = YES;
				CLANG_WARN_COMMA = YES;
				CLANG_WARN_CONSTANT_CONVERSION = YES;
				CLANG_WARN_DIRECT_OBJC_ISA_USAGE = YES_ERROR;
				CLANG_WARN_DOCUMENTATION_COMMENTS = YES;
				CLANG_WARN_EMPTY_BODY = YES;
				CLANG_WARN_ENUM_CONVERSION = YES;
				CLANG_WARN_INFINITE_RECURSION = YES;
				CLANG_WARN_INT_CONVERSION = YES;
				CLANG_WARN_NON_LITERAL_NULL_CONVERSION = YES;
				CLANG_WARN_OBJC_LITERAL_CONVERSION = YES;
				CLANG_WARN_OBJC_ROOT_CLASS = YES_ERROR;
				CLANG_WARN_RANGE_LOOP_ANALYSIS = YES;
				CLANG_WARN_STRICT_PROTOTYPES = YES;
				CLANG_WARN_SUSPICIOUS_MOVE = YES;
				CLANG_WARN_UNGUARDED_AVAILABILITY = YES_AGGRESSIVE;
				CLANG_WARN_UNREACHABLE_CODE = YES;
				CLANG_WARN__DUPLICATE_METHOD_MATCH = YES;
				CODE_SIGN_IDENTITY = "iPhone Developer";
				COPY_PHASE_STRIP = NO;
				DEBUG_INFORMATION_FORMAT = dwarf;
				ENABLE_STRICT_OBJC_MSGSEND = YES;
				ENABLE_TESTABILITY = YES;
				GCC_C_LANGUAGE_STANDARD = gnu11;
				GCC_DYNAMIC_NO_PIC = NO;
				GCC_NO_COMMON_BLOCKS = YES;
				GCC_OPTIMIZATION_LEVEL = 0;
				GCC_PREPROCESSOR_DEFINITIONS = (
					"DEBUG=1",
					"$(inherited)",
				);
				GCC_WARN_64_TO_32_BIT_CONVERSION = YES;
				GCC_WARN_ABOUT_RETURN_TYPE = YES_ERROR;
				GCC_WARN_UNDECLARED_SELECTOR = YES;
				GCC_WARN_UNINITIALIZED_AUTOS = YES_AGGRESSIVE;
				GCC_WARN_UNUSED_FUNCTION = YES;
				GCC_WARN_UNUSED_VARIABLE = YES;
				IPHONEOS_DEPLOYMENT_TARGET = 11.1;
				MTL_ENABLE_DEBUG_INFO = YES;
				ONLY_ACTIVE_ARCH = YES;
				SDKROOT = iphoneos;
				SWIFT_ACTIVE_COMPILATION_CONDITIONS = DEBUG;
				SWIFT_OPTIMIZATION_LEVEL = "-Onone";
			};
			name = Debug;
		};
		011F3D6F1FC24FC500E5D5A4 /* Release */ = {
			isa = XCBuildConfiguration;
			buildSettings = {
				ALWAYS_SEARCH_USER_PATHS = NO;
				CLANG_ANALYZER_NONNULL = YES;
				CLANG_ANALYZER_NUMBER_OBJECT_CONVERSION = YES_AGGRESSIVE;
				CLANG_CXX_LANGUAGE_STANDARD = "gnu++14";
				CLANG_CXX_LIBRARY = "libc++";
				CLANG_ENABLE_MODULES = YES;
				CLANG_ENABLE_OBJC_ARC = YES;
				CLANG_WARN_BLOCK_CAPTURE_AUTORELEASING = YES;
				CLANG_WARN_BOOL_CONVERSION = YES;
				CLANG_WARN_COMMA = YES;
				CLANG_WARN_CONSTANT_CONVERSION = YES;
				CLANG_WARN_DIRECT_OBJC_ISA_USAGE = YES_ERROR;
				CLANG_WARN_DOCUMENTATION_COMMENTS = YES;
				CLANG_WARN_EMPTY_BODY = YES;
				CLANG_WARN_ENUM_CONVERSION = YES;
				CLANG_WARN_INFINITE_RECURSION = YES;
				CLANG_WARN_INT_CONVERSION = YES;
				CLANG_WARN_NON_LITERAL_NULL_CONVERSION = YES;
				CLANG_WARN_OBJC_LITERAL_CONVERSION = YES;
				CLANG_WARN_OBJC_ROOT_CLASS = YES_ERROR;
				CLANG_WARN_RANGE_LOOP_ANALYSIS = YES;
				CLANG_WARN_STRICT_PROTOTYPES = YES;
				CLANG_WARN_SUSPICIOUS_MOVE = YES;
				CLANG_WARN_UNGUARDED_AVAILABILITY = YES_AGGRESSIVE;
				CLANG_WARN_UNREACHABLE_CODE = YES;
				CLANG_WARN__DUPLICATE_METHOD_MATCH = YES;
				CODE_SIGN_IDENTITY = "iPhone Developer";
				COPY_PHASE_STRIP = NO;
				DEBUG_INFORMATION_FORMAT = "dwarf-with-dsym";
				ENABLE_NS_ASSERTIONS = NO;
				ENABLE_STRICT_OBJC_MSGSEND = YES;
				GCC_C_LANGUAGE_STANDARD = gnu11;
				GCC_NO_COMMON_BLOCKS = YES;
				GCC_WARN_64_TO_32_BIT_CONVERSION = YES;
				GCC_WARN_ABOUT_RETURN_TYPE = YES_ERROR;
				GCC_WARN_UNDECLARED_SELECTOR = YES;
				GCC_WARN_UNINITIALIZED_AUTOS = YES_AGGRESSIVE;
				GCC_WARN_UNUSED_FUNCTION = YES;
				GCC_WARN_UNUSED_VARIABLE = YES;
				IPHONEOS_DEPLOYMENT_TARGET = 11.1;
				MTL_ENABLE_DEBUG_INFO = NO;
				SDKROOT = iphoneos;
				SWIFT_OPTIMIZATION_LEVEL = "-Owholemodule";
				VALIDATE_PRODUCT = YES;
			};
			name = Release;
		};
		011F3D711FC24FC500E5D5A4 /* Debug */ = {
			isa = XCBuildConfiguration;
			baseConfigurationReference = 03ECF11AD6034F3C84BA6D7C /* Pods-SwiftyCoreData_Demo.debug.xcconfig */;
			buildSettings = {
				ASSETCATALOG_COMPILER_APPICON_NAME = AppIcon;
				CODE_SIGN_STYLE = Automatic;
				DEVELOPMENT_TEAM = R986STKYJ7;
				INFOPLIST_FILE = SwiftyCoreData_Demo/Info.plist;
				LD_RUNPATH_SEARCH_PATHS = "$(inherited) @executable_path/Frameworks";
				PRODUCT_BUNDLE_IDENTIFIER = "ByCyril.SwiftyCoreData-Demo";
				PRODUCT_NAME = "$(TARGET_NAME)";
				SWIFT_VERSION = 4.0;
				TARGETED_DEVICE_FAMILY = "1,2";
			};
			name = Debug;
		};
		011F3D721FC24FC500E5D5A4 /* Release */ = {
			isa = XCBuildConfiguration;
			baseConfigurationReference = E32823FDF75760571FABDCC0 /* Pods-SwiftyCoreData_Demo.release.xcconfig */;
			buildSettings = {
				ASSETCATALOG_COMPILER_APPICON_NAME = AppIcon;
				CODE_SIGN_STYLE = Automatic;
				DEVELOPMENT_TEAM = R986STKYJ7;
				INFOPLIST_FILE = SwiftyCoreData_Demo/Info.plist;
				LD_RUNPATH_SEARCH_PATHS = "$(inherited) @executable_path/Frameworks";
				PRODUCT_BUNDLE_IDENTIFIER = "ByCyril.SwiftyCoreData-Demo";
				PRODUCT_NAME = "$(TARGET_NAME)";
				SWIFT_VERSION = 4.0;
				TARGETED_DEVICE_FAMILY = "1,2";
			};
			name = Release;
		};
/* End XCBuildConfiguration section */

/* Begin XCConfigurationList section */
		011F3D561FC24FC500E5D5A4 /* Build configuration list for PBXProject "SwiftyCoreData_Demo" */ = {
			isa = XCConfigurationList;
			buildConfigurations = (
				011F3D6E1FC24FC500E5D5A4 /* Debug */,
				011F3D6F1FC24FC500E5D5A4 /* Release */,
			);
			defaultConfigurationIsVisible = 0;
			defaultConfigurationName = Release;
		};
		011F3D701FC24FC500E5D5A4 /* Build configuration list for PBXNativeTarget "SwiftyCoreData_Demo" */ = {
			isa = XCConfigurationList;
			buildConfigurations = (
				011F3D711FC24FC500E5D5A4 /* Debug */,
				011F3D721FC24FC500E5D5A4 /* Release */,
			);
			defaultConfigurationIsVisible = 0;
			defaultConfigurationName = Release;
		};
/* End XCConfigurationList section */

/* Begin XCVersionGroup section */
		011F3D651FC24FC500E5D5A4 /* SwiftyCoreData_Demo.xcdatamodeld */ = {
			isa = XCVersionGroup;
			children = (
				011F3D661FC24FC500E5D5A4 /* SwiftyCoreData_Demo.xcdatamodel */,
			);
			currentVersion = 011F3D661FC24FC500E5D5A4 /* SwiftyCoreData_Demo.xcdatamodel */;
			path = SwiftyCoreData_Demo.xcdatamodeld;
			sourceTree = "<group>";
			versionGroupType = wrapper.xcdatamodel;
		};
/* End XCVersionGroup section */
	};
	rootObject = 011F3D531FC24FC500E5D5A4 /* Project object */;
}
